// !$*UTF8*$!
{
	archiveVersion = 1;
	classes = {
	};
	objectVersion = 46;
	objects = {

/* Begin PBXBuildFile section */
		27385DF81F1C3EE400C8D91F /* main.m in Sources */ = {isa = PBXBuildFile; fileRef = 27385DF71F1C3EE400C8D91F /* main.m */; };
		27385DFB1F1C3EE400C8D91F /* AppDelegate.m in Sources */ = {isa = PBXBuildFile; fileRef = 27385DFA1F1C3EE400C8D91F /* AppDelegate.m */; };
		27385DFE1F1C3EE400C8D91F /* ViewController.m in Sources */ = {isa = PBXBuildFile; fileRef = 27385DFD1F1C3EE400C8D91F /* ViewController.m */; };
		27385E011F1C3EE400C8D91F /* Main.storyboard in Resources */ = {isa = PBXBuildFile; fileRef = 27385DFF1F1C3EE400C8D91F /* Main.storyboard */; };
		27385E031F1C3EE400C8D91F /* Assets.xcassets in Resources */ = {isa = PBXBuildFile; fileRef = 27385E021F1C3EE400C8D91F /* Assets.xcassets */; };
		27385E061F1C3EE400C8D91F /* LaunchScreen.storyboard in Resources */ = {isa = PBXBuildFile; fileRef = 27385E041F1C3EE400C8D91F /* LaunchScreen.storyboard */; };
		27385E111F1C3EE400C8D91F /* HXHelpTests.m in Sources */ = {isa = PBXBuildFile; fileRef = 27385E101F1C3EE400C8D91F /* HXHelpTests.m */; };
		27385E1C1F1C3EE400C8D91F /* HXHelpUITests.m in Sources */ = {isa = PBXBuildFile; fileRef = 27385E1B1F1C3EE400C8D91F /* HXHelpUITests.m */; };
		2DF3E714BEC07EC2351C5455 /* libPods-HXHelp.a in Frameworks */ = {isa = PBXBuildFile; fileRef = A0836298891518ED9656C3EC /* libPods-HXHelp.a */; };
/* End PBXBuildFile section */

/* Begin PBXContainerItemProxy section */
		27385E0D1F1C3EE400C8D91F /* PBXContainerItemProxy */ = {
			isa = PBXContainerItemProxy;
			containerPortal = 27385DEB1F1C3EE400C8D91F /* Project object */;
			proxyType = 1;
			remoteGlobalIDString = 27385DF21F1C3EE400C8D91F;
			remoteInfo = HXHelp;
		};
		27385E181F1C3EE400C8D91F /* PBXContainerItemProxy */ = {
			isa = PBXContainerItemProxy;
			containerPortal = 27385DEB1F1C3EE400C8D91F /* Project object */;
			proxyType = 1;
			remoteGlobalIDString = 27385DF21F1C3EE400C8D91F;
			remoteInfo = HXHelp;
		};
/* End PBXContainerItemProxy section */

/* Begin PBXFileReference section */
		1062A098926EE59D838B91CB /* Pods-HXHelp.release.xcconfig */ = {isa = PBXFileReference; includeInIndex = 1; lastKnownFileType = text.xcconfig; name = "Pods-HXHelp.release.xcconfig"; path = "Pods/Target Support Files/Pods-HXHelp/Pods-HXHelp.release.xcconfig"; sourceTree = "<group>"; };
		27385DF31F1C3EE400C8D91F /* HXHelp.app */ = {isa = PBXFileReference; explicitFileType = wrapper.application; includeInIndex = 0; path = HXHelp.app; sourceTree = BUILT_PRODUCTS_DIR; };
		27385DF71F1C3EE400C8D91F /* main.m */ = {isa = PBXFileReference; lastKnownFileType = sourcecode.c.objc; path = main.m; sourceTree = "<group>"; };
		27385DF91F1C3EE400C8D91F /* AppDelegate.h */ = {isa = PBXFileReference; lastKnownFileType = sourcecode.c.h; path = AppDelegate.h; sourceTree = "<group>"; };
		27385DFA1F1C3EE400C8D91F /* AppDelegate.m */ = {isa = PBXFileReference; lastKnownFileType = sourcecode.c.objc; path = AppDelegate.m; sourceTree = "<group>"; };
		27385DFC1F1C3EE400C8D91F /* ViewController.h */ = {isa = PBXFileReference; lastKnownFileType = sourcecode.c.h; path = ViewController.h; sourceTree = "<group>"; };
		27385DFD1F1C3EE400C8D91F /* ViewController.m */ = {isa = PBXFileReference; lastKnownFileType = sourcecode.c.objc; path = ViewController.m; sourceTree = "<group>"; };
		27385E001F1C3EE400C8D91F /* Base */ = {isa = PBXFileReference; lastKnownFileType = file.storyboard; name = Base; path = Base.lproj/Main.storyboard; sourceTree = "<group>"; };
		27385E021F1C3EE400C8D91F /* Assets.xcassets */ = {isa = PBXFileReference; lastKnownFileType = folder.assetcatalog; path = Assets.xcassets; sourceTree = "<group>"; };
		27385E051F1C3EE400C8D91F /* Base */ = {isa = PBXFileReference; lastKnownFileType = file.storyboard; name = Base; path = Base.lproj/LaunchScreen.storyboard; sourceTree = "<group>"; };
		27385E071F1C3EE400C8D91F /* Info.plist */ = {isa = PBXFileReference; lastKnownFileType = text.plist.xml; path = Info.plist; sourceTree = "<group>"; };
		27385E0C1F1C3EE400C8D91F /* HXHelpTests.xctest */ = {isa = PBXFileReference; explicitFileType = wrapper.cfbundle; includeInIndex = 0; path = HXHelpTests.xctest; sourceTree = BUILT_PRODUCTS_DIR; };
		27385E101F1C3EE400C8D91F /* HXHelpTests.m */ = {isa = PBXFileReference; lastKnownFileType = sourcecode.c.objc; path = HXHelpTests.m; sourceTree = "<group>"; };
		27385E121F1C3EE400C8D91F /* Info.plist */ = {isa = PBXFileReference; lastKnownFileType = text.plist.xml; path = Info.plist; sourceTree = "<group>"; };
		27385E171F1C3EE400C8D91F /* HXHelpUITests.xctest */ = {isa = PBXFileReference; explicitFileType = wrapper.cfbundle; includeInIndex = 0; path = HXHelpUITests.xctest; sourceTree = BUILT_PRODUCTS_DIR; };
		27385E1B1F1C3EE400C8D91F /* HXHelpUITests.m */ = {isa = PBXFileReference; lastKnownFileType = sourcecode.c.objc; path = HXHelpUITests.m; sourceTree = "<group>"; };
		27385E1D1F1C3EE400C8D91F /* Info.plist */ = {isa = PBXFileReference; lastKnownFileType = text.plist.xml; path = Info.plist; sourceTree = "<group>"; };
		75701030BA48A3F3C42A2BAD /* Pods-HXHelp.debug.xcconfig */ = {isa = PBXFileReference; includeInIndex = 1; lastKnownFileType = text.xcconfig; name = "Pods-HXHelp.debug.xcconfig"; path = "Pods/Target Support Files/Pods-HXHelp/Pods-HXHelp.debug.xcconfig"; sourceTree = "<group>"; };
		A0836298891518ED9656C3EC /* libPods-HXHelp.a */ = {isa = PBXFileReference; explicitFileType = archive.ar; includeInIndex = 0; path = "libPods-HXHelp.a"; sourceTree = BUILT_PRODUCTS_DIR; };
/* End PBXFileReference section */

/* Begin PBXFrameworksBuildPhase section */
		27385DF01F1C3EE400C8D91F /* Frameworks */ = {
			isa = PBXFrameworksBuildPhase;
			buildActionMask = 2147483647;
			files = (
				2DF3E714BEC07EC2351C5455 /* libPods-HXHelp.a in Frameworks */,
			);
			runOnlyForDeploymentPostprocessing = 0;
		};
		27385E091F1C3EE400C8D91F /* Frameworks */ = {
			isa = PBXFrameworksBuildPhase;
			buildActionMask = 2147483647;
			files = (
			);
			runOnlyForDeploymentPostprocessing = 0;
		};
		27385E141F1C3EE400C8D91F /* Frameworks */ = {
			isa = PBXFrameworksBuildPhase;
			buildActionMask = 2147483647;
			files = (
			);
			runOnlyForDeploymentPostprocessing = 0;
		};
/* End PBXFrameworksBuildPhase section */

/* Begin PBXGroup section */
		27385DEA1F1C3EE400C8D91F = {
			isa = PBXGroup;
			children = (
				27385DF51F1C3EE400C8D91F /* HXHelp */,
				27385E0F1F1C3EE400C8D91F /* HXHelpTests */,
				27385E1A1F1C3EE400C8D91F /* HXHelpUITests */,
				27385DF41F1C3EE400C8D91F /* Products */,
				6EFCBB7513D86C5FC840B7F2 /* Pods */,
				3A1C81B7AF7C82DAD062A89E /* Frameworks */,
			);
			sourceTree = "<group>";
		};
		27385DF41F1C3EE400C8D91F /* Products */ = {
			isa = PBXGroup;
			children = (
				27385DF31F1C3EE400C8D91F /* HXHelp.app */,
				27385E0C1F1C3EE400C8D91F /* HXHelpTests.xctest */,
				27385E171F1C3EE400C8D91F /* HXHelpUITests.xctest */,
			);
			name = Products;
			sourceTree = "<group>";
		};
		27385DF51F1C3EE400C8D91F /* HXHelp */ = {
			isa = PBXGroup;
			children = (
				27385DF91F1C3EE400C8D91F /* AppDelegate.h */,
				27385DFA1F1C3EE400C8D91F /* AppDelegate.m */,
				27385DFC1F1C3EE400C8D91F /* ViewController.h */,
				27385DFD1F1C3EE400C8D91F /* ViewController.m */,
				27385DFF1F1C3EE400C8D91F /* Main.storyboard */,
				27385E021F1C3EE400C8D91F /* Assets.xcassets */,
				27385E041F1C3EE400C8D91F /* LaunchScreen.storyboard */,
				27385E071F1C3EE400C8D91F /* Info.plist */,
				27385DF61F1C3EE400C8D91F /* Supporting Files */,
			);
			path = HXHelp;
			sourceTree = "<group>";
		};
		27385DF61F1C3EE400C8D91F /* Supporting Files */ = {
			isa = PBXGroup;
			children = (
				27385DF71F1C3EE400C8D91F /* main.m */,
			);
			name = "Supporting Files";
			sourceTree = "<group>";
		};
		27385E0F1F1C3EE400C8D91F /* HXHelpTests */ = {
			isa = PBXGroup;
			children = (
				27385E101F1C3EE400C8D91F /* HXHelpTests.m */,
				27385E121F1C3EE400C8D91F /* Info.plist */,
			);
			path = HXHelpTests;
			sourceTree = "<group>";
		};
		27385E1A1F1C3EE400C8D91F /* HXHelpUITests */ = {
			isa = PBXGroup;
			children = (
				27385E1B1F1C3EE400C8D91F /* HXHelpUITests.m */,
				27385E1D1F1C3EE400C8D91F /* Info.plist */,
			);
			path = HXHelpUITests;
			sourceTree = "<group>";
		};
		3A1C81B7AF7C82DAD062A89E /* Frameworks */ = {
			isa = PBXGroup;
			children = (
				A0836298891518ED9656C3EC /* libPods-HXHelp.a */,
			);
			name = Frameworks;
			sourceTree = "<group>";
		};
		6EFCBB7513D86C5FC840B7F2 /* Pods */ = {
			isa = PBXGroup;
			children = (
				75701030BA48A3F3C42A2BAD /* Pods-HXHelp.debug.xcconfig */,
				1062A098926EE59D838B91CB /* Pods-HXHelp.release.xcconfig */,
			);
			name = Pods;
			sourceTree = "<group>";
		};
/* End PBXGroup section */

/* Begin PBXNativeTarget section */
		27385DF21F1C3EE400C8D91F /* HXHelp */ = {
			isa = PBXNativeTarget;
			buildConfigurationList = 27385E201F1C3EE400C8D91F /* Build configuration list for PBXNativeTarget "HXHelp" */;
			buildPhases = (
				8196F557ECE08654920F7891 /* [CP] Check Pods Manifest.lock */,
				27385DEF1F1C3EE400C8D91F /* Sources */,
				27385DF01F1C3EE400C8D91F /* Frameworks */,
				27385DF11F1C3EE400C8D91F /* Resources */,
				8E95F2D0BC0F1D72EA225888 /* [CP] Embed Pods Frameworks */,
				A4869B3F4780D65ACFCC66CD /* [CP] Copy Pods Resources */,
			);
			buildRules = (
			);
			dependencies = (
			);
			name = HXHelp;
			productName = HXHelp;
			productReference = 27385DF31F1C3EE400C8D91F /* HXHelp.app */;
			productType = "com.apple.product-type.application";
		};
		27385E0B1F1C3EE400C8D91F /* HXHelpTests */ = {
			isa = PBXNativeTarget;
			buildConfigurationList = 27385E231F1C3EE400C8D91F /* Build configuration list for PBXNativeTarget "HXHelpTests" */;
			buildPhases = (
				27385E081F1C3EE400C8D91F /* Sources */,
				27385E091F1C3EE400C8D91F /* Frameworks */,
				27385E0A1F1C3EE400C8D91F /* Resources */,
			);
			buildRules = (
			);
			dependencies = (
				27385E0E1F1C3EE400C8D91F /* PBXTargetDependency */,
			);
			name = HXHelpTests;
			productName = HXHelpTests;
			productReference = 27385E0C1F1C3EE400C8D91F /* HXHelpTests.xctest */;
			productType = "com.apple.product-type.bundle.unit-test";
		};
		27385E161F1C3EE400C8D91F /* HXHelpUITests */ = {
			isa = PBXNativeTarget;
			buildConfigurationList = 27385E261F1C3EE400C8D91F /* Build configuration list for PBXNativeTarget "HXHelpUITests" */;
			buildPhases = (
				27385E131F1C3EE400C8D91F /* Sources */,
				27385E141F1C3EE400C8D91F /* Frameworks */,
				27385E151F1C3EE400C8D91F /* Resources */,
			);
			buildRules = (
			);
			dependencies = (
				27385E191F1C3EE400C8D91F /* PBXTargetDependency */,
			);
			name = HXHelpUITests;
			productName = HXHelpUITests;
			productReference = 27385E171F1C3EE400C8D91F /* HXHelpUITests.xctest */;
			productType = "com.apple.product-type.bundle.ui-testing";
		};
/* End PBXNativeTarget section */

/* Begin PBXProject section */
		27385DEB1F1C3EE400C8D91F /* Project object */ = {
			isa = PBXProject;
			attributes = {
				LastUpgradeCheck = 0830;
				ORGANIZATIONNAME = "高赛";
				TargetAttributes = {
					27385DF21F1C3EE400C8D91F = {
						CreatedOnToolsVersion = 8.3.2;
						DevelopmentTeam = R9DHB48999;
						ProvisioningStyle = Automatic;
					};
					27385E0B1F1C3EE400C8D91F = {
						CreatedOnToolsVersion = 8.3.2;
						DevelopmentTeam = R9DHB48999;
						ProvisioningStyle = Automatic;
						TestTargetID = 27385DF21F1C3EE400C8D91F;
					};
					27385E161F1C3EE400C8D91F = {
						CreatedOnToolsVersion = 8.3.2;
						DevelopmentTeam = R9DHB48999;
						ProvisioningStyle = Automatic;
						TestTargetID = 27385DF21F1C3EE400C8D91F;
					};
				};
			};
			buildConfigurationList = 27385DEE1F1C3EE400C8D91F /* Build configuration list for PBXProject "HXHelp" */;
			compatibilityVersion = "Xcode 3.2";
			developmentRegion = English;
			hasScannedForEncodings = 0;
			knownRegions = (
				en,
				Base,
			);
			mainGroup = 27385DEA1F1C3EE400C8D91F;
			productRefGroup = 27385DF41F1C3EE400C8D91F /* Products */;
			projectDirPath = "";
			projectRoot = "";
			targets = (
				27385DF21F1C3EE400C8D91F /* HXHelp */,
				27385E0B1F1C3EE400C8D91F /* HXHelpTests */,
				27385E161F1C3EE400C8D91F /* HXHelpUITests */,
			);
		};
/* End PBXProject section */

/* Begin PBXResourcesBuildPhase section */
		27385DF11F1C3EE400C8D91F /* Resources */ = {
			isa = PBXResourcesBuildPhase;
			buildActionMask = 2147483647;
			files = (
				27385E061F1C3EE400C8D91F /* LaunchScreen.storyboard in Resources */,
				27385E031F1C3EE400C8D91F /* Assets.xcassets in Resources */,
				27385E011F1C3EE400C8D91F /* Main.storyboard in Resources */,
			);
			runOnlyForDeploymentPostprocessing = 0;
		};
		27385E0A1F1C3EE400C8D91F /* Resources */ = {
			isa = PBXResourcesBuildPhase;
			buildActionMask = 2147483647;
			files = (
			);
			runOnlyForDeploymentPostprocessing = 0;
		};
		27385E151F1C3EE400C8D91F /* Resources */ = {
			isa = PBXResourcesBuildPhase;
			buildActionMask = 2147483647;
			files = (
			);
			runOnlyForDeploymentPostprocessing = 0;
		};
/* End PBXResourcesBuildPhase section */

/* Begin PBXShellScriptBuildPhase section */
		8196F557ECE08654920F7891 /* [CP] Check Pods Manifest.lock */ = {
			isa = PBXShellScriptBuildPhase;
			buildActionMask = 2147483647;
			files = (
			);
			inputPaths = (
				"${PODS_PODFILE_DIR_PATH}/Podfile.lock",
				"${PODS_ROOT}/Manifest.lock",
			);
			name = "[CP] Check Pods Manifest.lock";
			outputPaths = (
				"$(DERIVED_FILE_DIR)/Pods-HXHelp-checkManifestLockResult.txt",
			);
			runOnlyForDeploymentPostprocessing = 0;
			shellPath = /bin/sh;
			shellScript = "diff \"${PODS_PODFILE_DIR_PATH}/Podfile.lock\" \"${PODS_ROOT}/Manifest.lock\" > /dev/null\nif [ $? != 0 ] ; then\n    # print error to STDERR\n    echo \"error: The sandbox is not in sync with the Podfile.lock. Run 'pod install' or update your CocoaPods installation.\" >&2\n    exit 1\nfi\n# This output is used by Xcode 'outputs' to avoid re-running this script phase.\necho \"SUCCESS\" > \"${SCRIPT_OUTPUT_FILE_0}\"\n";
			showEnvVarsInLog = 0;
		};
		8E95F2D0BC0F1D72EA225888 /* [CP] Embed Pods Frameworks */ = {
			isa = PBXShellScriptBuildPhase;
			buildActionMask = 2147483647;
			files = (
			);
			inputPaths = (
				"${SRCROOT}/Pods/Target Support Files/Pods-HXHelp/Pods-HXHelp-frameworks.sh",
				"${PODS_ROOT}/HyphenateLite/ios_IM_HyphenateLite_sdk_3.3.2/HyphenateSDK/HyphenateLite.framework",
			);
			name = "[CP] Embed Pods Frameworks";
			outputPaths = (
				"${TARGET_BUILD_DIR}/${FRAMEWORKS_FOLDER_PATH}/HyphenateLite.framework",
			);
			runOnlyForDeploymentPostprocessing = 0;
			shellPath = /bin/sh;
			shellScript = "\"${SRCROOT}/Pods/Target Support Files/Pods-HXHelp/Pods-HXHelp-frameworks.sh\"\n";
			showEnvVarsInLog = 0;
		};
		A4869B3F4780D65ACFCC66CD /* [CP] Copy Pods Resources */ = {
			isa = PBXShellScriptBuildPhase;
			buildActionMask = 2147483647;
			files = (
			);
			inputPaths = (
			);
			name = "[CP] Copy Pods Resources";
			outputPaths = (
			);
			runOnlyForDeploymentPostprocessing = 0;
			shellPath = /bin/sh;
			shellScript = "\"${SRCROOT}/Pods/Target Support Files/Pods-HXHelp/Pods-HXHelp-resources.sh\"\n";
			showEnvVarsInLog = 0;
		};
/* End PBXShellScriptBuildPhase section */

/* Begin PBXSourcesBuildPhase section */
		27385DEF1F1C3EE400C8D91F /* Sources */ = {
			isa = PBXSourcesBuildPhase;
			buildActionMask = 2147483647;
			files = (
				27385DFE1F1C3EE400C8D91F /* ViewController.m in Sources */,
				27385DFB1F1C3EE400C8D91F /* AppDelegate.m in Sources */,
				27385DF81F1C3EE400C8D91F /* main.m in Sources */,
			);
			runOnlyForDeploymentPostprocessing = 0;
		};
		27385E081F1C3EE400C8D91F /* Sources */ = {
			isa = PBXSourcesBuildPhase;
			buildActionMask = 2147483647;
			files = (
				27385E111F1C3EE400C8D91F /* HXHelpTests.m in Sources */,
			);
			runOnlyForDeploymentPostprocessing = 0;
		};
		27385E131F1C3EE400C8D91F /* Sources */ = {
			isa = PBXSourcesBuildPhase;
			buildActionMask = 2147483647;
			files = (
				27385E1C1F1C3EE400C8D91F /* HXHelpUITests.m in Sources */,
			);
			runOnlyForDeploymentPostprocessing = 0;
		};
/* End PBXSourcesBuildPhase section */

/* Begin PBXTargetDependency section */
		27385E0E1F1C3EE400C8D91F /* PBXTargetDependency */ = {
			isa = PBXTargetDependency;
			target = 27385DF21F1C3EE400C8D91F /* HXHelp */;
			targetProxy = 27385E0D1F1C3EE400C8D91F /* PBXContainerItemProxy */;
		};
		27385E191F1C3EE400C8D91F /* PBXTargetDependency */ = {
			isa = PBXTargetDependency;
			target = 27385DF21F1C3EE400C8D91F /* HXHelp */;
			targetProxy = 27385E181F1C3EE400C8D91F /* PBXContainerItemProxy */;
		};
/* End PBXTargetDependency section */

/* Begin PBXVariantGroup section */
		27385DFF1F1C3EE400C8D91F /* Main.storyboard */ = {
			isa = PBXVariantGroup;
			children = (
				27385E001F1C3EE400C8D91F /* Base */,
			);
			name = Main.storyboard;
			sourceTree = "<group>";
		};
		27385E041F1C3EE400C8D91F /* LaunchScreen.storyboard */ = {
			isa = PBXVariantGroup;
			children = (
				27385E051F1C3EE400C8D91F /* Base */,
			);
			name = LaunchScreen.storyboard;
			sourceTree = "<group>";
		};
/* End PBXVariantGroup section */

/* Begin XCBuildConfiguration section */
		27385E1E1F1C3EE400C8D91F /* Debug */ = {
			isa = XCBuildConfiguration;
			buildSettings = {
				ALWAYS_SEARCH_USER_PATHS = NO;
				CLANG_ANALYZER_NONNULL = YES;
				CLANG_ANALYZER_NUMBER_OBJECT_CONVERSION = YES_AGGRESSIVE;
				CLANG_CXX_LANGUAGE_STANDARD = "gnu++0x";
				CLANG_CXX_LIBRARY = "libc++";
				CLANG_ENABLE_MODULES = YES;
				CLANG_ENABLE_OBJC_ARC = YES;
				CLANG_WARN_BOOL_CONVERSION = YES;
				CLANG_WARN_CONSTANT_CONVERSION = YES;
				CLANG_WARN_DIRECT_OBJC_ISA_USAGE = YES_ERROR;
				CLANG_WARN_DOCUMENTATION_COMMENTS = YES;
				CLANG_WARN_EMPTY_BODY = YES;
				CLANG_WARN_ENUM_CONVERSION = YES;
				CLANG_WARN_INFINITE_RECURSION = YES;
				CLANG_WARN_INT_CONVERSION = YES;
				CLANG_WARN_OBJC_ROOT_CLASS = YES_ERROR;
				CLANG_WARN_SUSPICIOUS_MOVE = YES;
				CLANG_WARN_UNREACHABLE_CODE = YES;
				CLANG_WARN__DUPLICATE_METHOD_MATCH = YES;
				"CODE_SIGN_IDENTITY[sdk=iphoneos*]" = "iPhone Developer";
				COPY_PHASE_STRIP = NO;
				DEBUG_INFORMATION_FORMAT = dwarf;
				ENABLE_STRICT_OBJC_MSGSEND = YES;
				ENABLE_TESTABILITY = YES;
				GCC_C_LANGUAGE_STANDARD = gnu99;
				GCC_DYNAMIC_NO_PIC = NO;
				GCC_NO_COMMON_BLOCKS = YES;
				GCC_OPTIMIZATION_LEVEL = 0;
				GCC_PREPROCESSOR_DEFINITIONS = (
					"DEBUG=1",
					"$(inherited)",
				);
				GCC_WARN_64_TO_32_BIT_CONVERSION = YES;
				GCC_WARN_ABOUT_RETURN_TYPE = YES_ERROR;
				GCC_WARN_UNDECLARED_SELECTOR = YES;
				GCC_WARN_UNINITIALIZED_AUTOS = YES_AGGRESSIVE;
				GCC_WARN_UNUSED_FUNCTION = YES;
				GCC_WARN_UNUSED_VARIABLE = YES;
				IPHONEOS_DEPLOYMENT_TARGET = 10.3;
				MTL_ENABLE_DEBUG_INFO = YES;
				ONLY_ACTIVE_ARCH = YES;
				SDKROOT = iphoneos;
				TARGETED_DEVICE_FAMILY = "1,2";
			};
			name = Debug;
		};
		27385E1F1F1C3EE400C8D91F /* Release */ = {
			isa = XCBuildConfiguration;
			buildSettings = {
				ALWAYS_SEARCH_USER_PATHS = NO;
				CLANG_ANALYZER_NONNULL = YES;
				CLANG_ANALYZER_NUMBER_OBJECT_CONVERSION = YES_AGGRESSIVE;
				CLANG_CXX_LANGUAGE_STANDARD = "gnu++0x";
				CLANG_CXX_LIBRARY = "libc++";
				CLANG_ENABLE_MODULES = YES;
				CLANG_ENABLE_OBJC_ARC = YES;
				CLANG_WARN_BOOL_CONVERSION = YES;
				CLANG_WARN_CONSTANT_CONVERSION = YES;
				CLANG_WARN_DIRECT_OBJC_ISA_USAGE = YES_ERROR;
				CLANG_WARN_DOCUMENTATION_COMMENTS = YES;
				CLANG_WARN_EMPTY_BODY = YES;
				CLANG_WARN_ENUM_CONVERSION = YES;
				CLANG_WARN_INFINITE_RECURSION = YES;
				CLANG_WARN_INT_CONVERSION = YES;
				CLANG_WARN_OBJC_ROOT_CLASS = YES_ERROR;
				CLANG_WARN_SUSPICIOUS_MOVE = YES;
				CLANG_WARN_UNREACHABLE_CODE = YES;
				CLANG_WARN__DUPLICATE_METHOD_MATCH = YES;
				"CODE_SIGN_IDENTITY[sdk=iphoneos*]" = "iPhone Developer";
				COPY_PHASE_STRIP = NO;
				DEBUG_INFORMATION_FORMAT = "dwarf-with-dsym";
				ENABLE_NS_ASSERTIONS = NO;
				ENABLE_STRICT_OBJC_MSGSEND = YES;
				GCC_C_LANGUAGE_STANDARD = gnu99;
				GCC_NO_COMMON_BLOCKS = YES;
				GCC_WARN_64_TO_32_BIT_CONVERSION = YES;
				GCC_WARN_ABOUT_RETURN_TYPE = YES_ERROR;
				GCC_WARN_UNDECLARED_SELECTOR = YES;
				GCC_WARN_UNINITIALIZED_AUTOS = YES_AGGRESSIVE;
				GCC_WARN_UNUSED_FUNCTION = YES;
				GCC_WARN_UNUSED_VARIABLE = YES;
				IPHONEOS_DEPLOYMENT_TARGET = 10.3;
				MTL_ENABLE_DEBUG_INFO = NO;
				SDKROOT = iphoneos;
				TARGETED_DEVICE_FAMILY = "1,2";
				VALIDATE_PRODUCT = YES;
			};
			name = Release;
		};
		27385E211F1C3EE400C8D91F /* Debug */ = {
			isa = XCBuildConfiguration;
			baseConfigurationReference = 75701030BA48A3F3C42A2BAD /* Pods-HXHelp.debug.xcconfig */;
			buildSettings = {
				ASSETCATALOG_COMPILER_APPICON_NAME = AppIcon;
				DEVELOPMENT_TEAM = R9DHB48999;
				INFOPLIST_FILE = HXHelp/Info.plist;
				LD_RUNPATH_SEARCH_PATHS = "$(inherited) @executable_path/Frameworks";
				PRODUCT_BUNDLE_IDENTIFIER = CTNQ.HXHelp;
				PRODUCT_NAME = "$(TARGET_NAME)";
			};
			name = Debug;
		};
		27385E221F1C3EE400C8D91F /* Release */ = {
			isa = XCBuildConfiguration;
			baseConfigurationReference = 1062A098926EE59D838B91CB /* Pods-HXHelp.release.xcconfig */;
			buildSettings = {
				ASSETCATALOG_COMPILER_APPICON_NAME = AppIcon;
				DEVELOPMENT_TEAM = R9DHB48999;
				INFOPLIST_FILE = HXHelp/Info.plist;
				LD_RUNPATH_SEARCH_PATHS = "$(inherited) @executable_path/Frameworks";
				PRODUCT_BUNDLE_IDENTIFIER = CTNQ.HXHelp;
				PRODUCT_NAME = "$(TARGET_NAME)";
			};
			name = Release;
		};
		27385E241F1C3EE400C8D91F /* Debug */ = {
			isa = XCBuildConfiguration;
			buildSettings = {
				BUNDLE_LOADER = "$(TEST_HOST)";
				DEVELOPMENT_TEAM = R9DHB48999;
				INFOPLIST_FILE = HXHelpTests/Info.plist;
				LD_RUNPATH_SEARCH_PATHS = "$(inherited) @executable_path/Frameworks @loader_path/Frameworks";
				PRODUCT_BUNDLE_IDENTIFIER = CTNQ.HXHelpTests;
				PRODUCT_NAME = "$(TARGET_NAME)";
				TEST_HOST = "$(BUILT_PRODUCTS_DIR)/HXHelp.app/HXHelp";
			};
			name = Debug;
		};
		27385E251F1C3EE400C8D91F /* Release */ = {
			isa = XCBuildConfiguration;
			buildSettings = {
				BUNDLE_LOADER = "$(TEST_HOST)";
				DEVELOPMENT_TEAM = R9DHB48999;
				INFOPLIST_FILE = HXHelpTests/Info.plist;
				LD_RUNPATH_SEARCH_PATHS = "$(inherited) @executable_path/Frameworks @loader_path/Frameworks";
				PRODUCT_BUNDLE_IDENTIFIER = CTNQ.HXHelpTests;
				PRODUCT_NAME = "$(TARGET_NAME)";
				TEST_HOST = "$(BUILT_PRODUCTS_DIR)/HXHelp.app/HXHelp";
			};
			name = Release;
		};
		27385E271F1C3EE400C8D91F /* Debug */ = {
			isa = XCBuildConfiguration;
			buildSettings = {
				DEVELOPMENT_TEAM = R9DHB48999;
				INFOPLIST_FILE = HXHelpUITests/Info.plist;
				LD_RUNPATH_SEARCH_PATHS = "$(inherited) @executable_path/Frameworks @loader_path/Frameworks";
				PRODUCT_BUNDLE_IDENTIFIER = CTNQ.HXHelpUITests;
				PRODUCT_NAME = "$(TARGET_NAME)";
				TEST_TARGET_NAME = HXHelp;
			};
			name = Debug;
		};
		27385E281F1C3EE400C8D91F /* Release */ = {
			isa = XCBuildConfiguration;
			buildSettings = {
				DEVELOPMENT_TEAM = R9DHB48999;
				INFOPLIST_FILE = HXHelpUITests/Info.plist;
				LD_RUNPATH_SEARCH_PATHS = "$(inherited) @executable_path/Frameworks @loader_path/Frameworks";
				PRODUCT_BUNDLE_IDENTIFIER = CTNQ.HXHelpUITests;
				PRODUCT_NAME = "$(TARGET_NAME)";
				TEST_TARGET_NAME = HXHelp;
			};
			name = Release;
		};
/* End XCBuildConfiguration section */

/* Begin XCConfigurationList section */
		27385DEE1F1C3EE400C8D91F /* Build configuration list for PBXProject "HXHelp" */ = {
			isa = XCConfigurationList;
			buildConfigurations = (
				27385E1E1F1C3EE400C8D91F /* Debug */,
				27385E1F1F1C3EE400C8D91F /* Release */,
			);
			defaultConfigurationIsVisible = 0;
			defaultConfigurationName = Release;
		};
		27385E201F1C3EE400C8D91F /* Build configuration list for PBXNativeTarget "HXHelp" */ = {
			isa = XCConfigurationList;
			buildConfigurations = (
				27385E211F1C3EE400C8D91F /* Debug */,
				27385E221F1C3EE400C8D91F /* Release */,
			);
			defaultConfigurationIsVisible = 0;
		};
		27385E231F1C3EE400C8D91F /* Build configuration list for PBXNativeTarget "HXHelpTests" */ = {
			isa = XCConfigurationList;
			buildConfigurations = (
				27385E241F1C3EE400C8D91F /* Debug */,
				27385E251F1C3EE400C8D91F /* Release */,
			);
			defaultConfigurationIsVisible = 0;
		};
		27385E261F1C3EE400C8D91F /* Build configuration list for PBXNativeTarget "HXHelpUITests" */ = {
			isa = XCConfigurationList;
			buildConfigurations = (
				27385E271F1C3EE400C8D91F /* Debug */,
				27385E281F1C3EE400C8D91F /* Release */,
			);
			defaultConfigurationIsVisible = 0;
		};
/* End XCConfigurationList section */
	};
	rootObject = 27385DEB1F1C3EE400C8D91F /* Project object */;
}
